
Microsoft Visual Studio Solution File, Format Version 12.00
# Visual Studio 14
VisualStudioVersion = 14.0.24720.0
MinimumVisualStudioVersion = 10.0.40219.1
Project("{FAE04EC0-301F-11D3-BF4B-00C04F79EFBC}") = "Employee Review", "Employee Review\Employee Review.csproj", "{BA7A6114-6181-4479-8C2E-1D3C6C039E31}"
EndProject
Project("{FAE04EC0-301F-11D3-BF4B-00C04F79EFBC}") = "Employee Review Test", "Employee Review Test\Employee Review Test.csproj", "{8E324DD1-A424-4D28-A11D-3D581D91A1F1}"
EndProject
Global
	GlobalSection(SolutionConfigurationPlatforms) = preSolution
		Debug|Any CPU = Debug|Any CPU
		Release|Any CPU = Release|Any CPU
	EndGlobalSection
	GlobalSection(ProjectConfigurationPlatforms) = postSolution
		{BA7A6114-6181-4479-8C2E-1D3C6C039E31}.Debug|Any CPU.ActiveCfg = Debug|Any CPU
		{BA7A6114-6181-4479-8C2E-1D3C6C039E31}.Debug|Any CPU.Build.0 = Debug|Any CPU
		{BA7A6114-6181-4479-8C2E-1D3C6C039E31}.Release|Any CPU.ActiveCfg = Release|Any CPU
		{BA7A6114-6181-4479-8C2E-1D3C6C039E31}.Release|Any CPU.Build.0 = Release|Any CPU
		{8E324DD1-A424-4D28-A11D-3D581D91A1F1}.Debug|Any CPU.ActiveCfg = Debug|Any CPU
		{8E324DD1-A424-4D28-A11D-3D581D91A1F1}.Debug|Any CPU.Build.0 = Debug|Any CPU
		{8E324DD1-A424-4D28-A11D-3D581D91A1F1}.Release|Any CPU.ActiveCfg = Release|Any CPU
		{8E324DD1-A424-4D28-A11D-3D581D91A1F1}.Release|Any CPU.Build.0 = Release|Any CPU
	EndGlobalSection
	GlobalSection(SolutionProperties) = preSolution
		HideSolutionNode = FALSE
	EndGlobalSection
EndGlobal
